<?xml version="1.0" encoding="utf-8"?>
<Project ToolsVersion="4.0" xmlns="http://schemas.microsoft.com/developer/msbuild/2003">
  <ItemGroup>
    <Filter Include="HeadFiles">
      <UniqueIdentifier>{93995380-89BD-4b04-88EB-625FBE52EBFB}</UniqueIdentifier>
      <Extensions>h;hh;hpp;hxx;hm;inl;inc;ipp;xsd</Extensions>
    </Filter>
    <Filter Include="Resources">
      <UniqueIdentifier>{67DA6AB6-F800-4c08-8B7A-83BB121AAD01}</UniqueIdentifier>
      <Extensions>rc;ico;cur;bmp;dlg;rc2;rct;bin;rgs;gif;jpg;jpeg;jpe;resx;tiff;tif;png;wav;mfcribbon-ms</Extensions>
    </Filter>
    <Filter Include="ThirdParty">
      <UniqueIdentifier>{706c6efb-4b32-4693-b24d-44bf7ce35ab5}</UniqueIdentifier>
    </Filter>
    <Filter Include="Shaders">
      <UniqueIdentifier>{36c05212-ac0d-4162-a395-0147f993eabe}</UniqueIdentifier>
    </Filter>
    <Filter Include="SourceFiles">
      <UniqueIdentifier>{4FC737F1-C7A5-4376-A066-2A32D752A2FF}</UniqueIdentifier>
      <Extensions>cpp;c;cc;cxx;def;odl;idl;hpj;bat;asm;asmx</Extensions>
    </Filter>
    <Filter Include="HeadFiles\Math">
      <UniqueIdentifier>{7f3a15f1-fa12-45e1-87ae-351b9661526a}</UniqueIdentifier>
    </Filter>
    <Filter Include="Resources\Images">
      <UniqueIdentifier>{715bc946-0040-4205-b62e-04bd0d828afc}</UniqueIdentifier>
    </Filter>
    <Filter Include="Resources\Fonts">
      <UniqueIdentifier>{dbe1973d-5578-413b-8ddc-07ca12f058f3}</UniqueIdentifier>
    </Filter>
    <Filter Include="Shaders\FS">
      <UniqueIdentifier>{0af2b061-f59c-468a-a3fa-e1ad205421d1}</UniqueIdentifier>
    </Filter>
    <Filter Include="Shaders\VS">
      <UniqueIdentifier>{8278a6de-5f1e-4a73-b28f-2a44d4b73977}</UniqueIdentifier>
    </Filter>
    <Filter Include="SourceFiles\Implementation">
      <UniqueIdentifier>{c906942f-f04a-4bfb-ad8f-d47c5bb954ce}</UniqueIdentifier>
    </Filter>
    <Filter Include="SourceFiles\EnterPoint">
      <UniqueIdentifier>{f4480692-8837-4467-bef3-229c9b7c60a6}</UniqueIdentifier>
    </Filter>
    <Filter Include="HeadFiles\Class">
      <UniqueIdentifier>{e7f90c53-55a1-4674-ab8d-58fd1a841534}</UniqueIdentifier>
    </Filter>
    <Filter Include="HeadFiles\Operator">
      <UniqueIdentifier>{620745b1-a4d7-4939-a6a7-f12232f4cbd2}</UniqueIdentifier>
    </Filter>
    <Filter Include="HeadFiles\Component">
      <UniqueIdentifier>{1ff57407-bcd7-4991-8f76-d0df3ea88c0d}</UniqueIdentifier>
    </Filter>
    <Filter Include="SourceFiles\Other">
      <UniqueIdentifier>{38d5d812-7578-40c1-9708-15b8d2882259}</UniqueIdentifier>
    </Filter>
    <Filter Include="HeadFiles\Miscellaneous">
      <UniqueIdentifier>{e588a6e5-ba90-4f36-bca6-2c4afabfd23a}</UniqueIdentifier>
    </Filter>
  </ItemGroup>
  <ItemGroup>
    <ClCompile Include="opengl\src\glad.c">
      <Filter>ThirdParty</Filter>
    </ClCompile>
    <ClCompile Include="imgui\imgui.cpp">
      <Filter>ThirdParty</Filter>
    </ClCompile>
    <ClCompile Include="imgui\imgui_demo.cpp">
      <Filter>ThirdParty</Filter>
    </ClCompile>
    <ClCompile Include="imgui\imgui_draw.cpp">
      <Filter>ThirdParty</Filter>
    </ClCompile>
    <ClCompile Include="imgui\imgui_impl_glfw.cpp">
      <Filter>ThirdParty</Filter>
    </ClCompile>
    <ClCompile Include="imgui\imgui_impl_opengl3.cpp">
      <Filter>ThirdParty</Filter>
    </ClCompile>
    <ClCompile Include="imgui\imgui_widgets.cpp">
      <Filter>ThirdParty</Filter>
    </ClCompile>
    <ClCompile Include="Vector2.cpp">
      <Filter>SourceFiles\Implementation</Filter>
    </ClCompile>
    <ClCompile Include="Vector3.cpp">
      <Filter>SourceFiles\Implementation</Filter>
    </ClCompile>
    <ClCompile Include="main.cpp">
      <Filter>SourceFiles\EnterPoint</Filter>
    </ClCompile>
    <ClCompile Include="Renderer.cpp">
      <Filter>SourceFiles\Implementation</Filter>
    </ClCompile>
    <ClCompile Include="Quaternion.cpp">
      <Filter>SourceFiles\Implementation</Filter>
    </ClCompile>
    <ClCompile Include="Material.cpp">
      <Filter>SourceFiles\Implementation</Filter>
    </ClCompile>
    <ClCompile Include="ObjectBase.cpp">
      <Filter>SourceFiles\Implementation</Filter>
    </ClCompile>
    <ClCompile Include="Vector4.cpp">
      <Filter>SourceFiles\Implementation</Filter>
    </ClCompile>
    <ClCompile Include="OBJLoader.cpp">
      <Filter>SourceFiles\Implementation</Filter>
    </ClCompile>
    <ClCompile Include="Camera.cpp">
      <Filter>SourceFiles\Implementation</Filter>
    </ClCompile>
    <ClCompile Include="Mesh.cpp">
      <Filter>SourceFiles\Implementation</Filter>
    </ClCompile>
    <ClCompile Include="OBJExporter.cpp">
      <Filter>SourceFiles\Implementation</Filter>
    </ClCompile>
  </ItemGroup>
  <ItemGroup>
    <ClInclude Include="Vector3.h">
      <Filter>HeadFiles\Math</Filter>
    </ClInclude>
    <ClInclude Include="Vector2.h">
      <Filter>HeadFiles\Math</Filter>
    </ClInclude>
    <ClInclude Include="MathUtils.h">
      <Filter>HeadFiles\Math</Filter>
    </ClInclude>
    <ClInclude Include="Renderer.h">
      <Filter>HeadFiles\Component</Filter>
    </ClInclude>
    <ClInclude Include="UIController.h">
      <Filter>HeadFiles\Component</Filter>
    </ClInclude>
    <ClInclude Include="PreInclude.h">
      <Filter>HeadFiles\Miscellaneous</Filter>
    </ClInclude>
    <ClInclude Include="SceneMgr.h">
      <Filter>HeadFiles\Component</Filter>
    </ClInclude>
    <ClInclude Include="Camera.h">
      <Filter>HeadFiles\Class</Filter>
    </ClInclude>
    <ClInclude Include="Mesh.h">
      <Filter>HeadFiles\Class</Filter>
    </ClInclude>
    <ClInclude Include="MShader.h">
      <Filter>HeadFiles\Class</Filter>
    </ClInclude>
    <ClInclude Include="Quaternion.h">
      <Filter>HeadFiles\Math</Filter>
    </ClInclude>
    <ClInclude Include="Matrix4x4.h">
      <Filter>HeadFiles\Math</Filter>
    </ClInclude>
    <ClInclude Include="Transform.h">
      <Filter>HeadFiles\Class</Filter>
    </ClInclude>
    <ClInclude Include="Light.h">
      <Filter>HeadFiles\Class</Filter>
    </ClInclude>
    <ClInclude Include="Material.h">
      <Filter>HeadFiles\Class</Filter>
    </ClInclude>
    <ClInclude Include="Texture.h">
      <Filter>HeadFiles\Class</Filter>
    </ClInclude>
    <ClInclude Include="Hitable.h">
      <Filter>HeadFiles\Class</Filter>
    </ClInclude>
    <ClInclude Include="Ray.h">
      <Filter>HeadFiles\Math</Filter>
    </ClInclude>
    <ClInclude Include="ObjectBase.h">
      <Filter>HeadFiles\Class</Filter>
    </ClInclude>
    <ClInclude Include="OperatorBase.h">
      <Filter>HeadFiles\Operator</Filter>
    </ClInclude>
    <ClInclude Include="Model.h">
      <Filter>HeadFiles\Class</Filter>
    </ClInclude>
    <ClInclude Include="PMapGen.h">
      <Filter>HeadFiles\Miscellaneous</Filter>
    </ClInclude>
    <ClInclude Include="Utility.h">
      <Filter>HeadFiles\Miscellaneous</Filter>
    </ClInclude>
    <ClInclude Include="Color.h">
      <Filter>HeadFiles\Math</Filter>
    </ClInclude>
    <ClInclude Include="Vector4.h">
      <Filter>HeadFiles\Math</Filter>
    </ClInclude>
    <ClInclude Include="FuzzyMatch.h">
      <Filter>HeadFiles\Miscellaneous</Filter>
    </ClInclude>
    <ClInclude Include="MatSphere.h">
      <Filter>HeadFiles\Miscellaneous</Filter>
    </ClInclude>
    <ClInclude Include="BoundingBox.h">
      <Filter>HeadFiles\Class</Filter>
    </ClInclude>
    <ClInclude Include="ShapeBase.h">
      <Filter>HeadFiles\Class</Filter>
    </ClInclude>
    <ClInclude Include="Helper.h">
      <Filter>HeadFiles\Class</Filter>
    </ClInclude>
    <ClInclude Include="TextureMgr.h">
      <Filter>HeadFiles\Component</Filter>
    </ClInclude>
    <ClInclude Include="OBJMgr.h">
      <Filter>HeadFiles\Component</Filter>
    </ClInclude>
    <ClInclude Include="IconsFontAwesome4.h">
      <Filter>HeadFiles\Miscellaneous</Filter>
    </ClInclude>
    <ClInclude Include="OP_MeshEditor.h">
      <Filter>HeadFiles\Operator</Filter>
    </ClInclude>
    <ClInclude Include="OperatorLoader.h">
      <Filter>HeadFiles\Component</Filter>
    </ClInclude>
    <ClInclude Include="AssetLoader.h">
      <Filter>HeadFiles\Component</Filter>
    </ClInclude>
  </ItemGroup>
  <ItemGroup>
    <None Include="packages.config" />
    <None Include="Resources\msyh.ttc">
      <Filter>Resources\Fonts</Filter>
    </None>
    <None Include="ConstColor.vs">
      <Filter>Shaders\VS</Filter>
    </None>
    <None Include="SimplePhong.vs">
      <Filter>Shaders\VS</Filter>
    </None>
    <None Include="ConstColor.fs">
      <Filter>Shaders\FS</Filter>
    </None>
    <None Include="SimplePhong.fs">
      <Filter>Shaders\FS</Filter>
    </None>
  </ItemGroup>
  <ItemGroup>
    <Image Include="Resources\Icon.jpg">
      <Filter>Resources\Images</Filter>
    </Image>
    <Image Include="Resources\logo.png">
      <Filter>Resources\Images</Filter>
    </Image>
    <Image Include="Resources\Icon_fullSize.jpg">
      <Filter>Resources\Images</Filter>
    </Image>
  </ItemGroup>
</Project>