<?xml version="1.0" encoding="utf-8"?>
<Project ToolsVersion="4.0" xmlns="http://schemas.microsoft.com/developer/msbuild/2003">
  <ItemGroup>
    <Filter Include="HeadFiles">
      <UniqueIdentifier>{93995380-89BD-4b04-88EB-625FBE52EBFB}</UniqueIdentifier>
      <Extensions>h;hh;hpp;hxx;hm;inl;inc;ipp;xsd</Extensions>
    </Filter>
    <Filter Include="Resources">
      <UniqueIdentifier>{67DA6AB6-F800-4c08-8B7A-83BB121AAD01}</UniqueIdentifier>
      <Extensions>rc;ico;cur;bmp;dlg;rc2;rct;bin;rgs;gif;jpg;jpeg;jpe;resx;tiff;tif;png;wav;mfcribbon-ms</Extensions>
    </Filter>
    <Filter Include="ThirdParty">
      <UniqueIdentifier>{706c6efb-4b32-4693-b24d-44bf7ce35ab5}</UniqueIdentifier>
    </Filter>
    <Filter Include="Shaders">
      <UniqueIdentifier>{36c05212-ac0d-4162-a395-0147f993eabe}</UniqueIdentifier>
    </Filter>
    <Filter Include="SourceFiles">
      <UniqueIdentifier>{4FC737F1-C7A5-4376-A066-2A32D752A2FF}</UniqueIdentifier>
      <Extensions>cpp;c;cc;cxx;def;odl;idl;hpj;bat;asm;asmx</Extensions>
    </Filter>
    <Filter Include="HeadFiles\Math">
      <UniqueIdentifier>{7f3a15f1-fa12-45e1-87ae-351b9661526a}</UniqueIdentifier>
    </Filter>
    <Filter Include="Resources\Images">
      <UniqueIdentifier>{715bc946-0040-4205-b62e-04bd0d828afc}</UniqueIdentifier>
    </Filter>
    <Filter Include="Resources\Fonts">
      <UniqueIdentifier>{dbe1973d-5578-413b-8ddc-07ca12f058f3}</UniqueIdentifier>
    </Filter>
    <Filter Include="Shaders\FS">
      <UniqueIdentifier>{0af2b061-f59c-468a-a3fa-e1ad205421d1}</UniqueIdentifier>
    </Filter>
    <Filter Include="Shaders\VS">
      <UniqueIdentifier>{8278a6de-5f1e-4a73-b28f-2a44d4b73977}</UniqueIdentifier>
    </Filter>
    <Filter Include="SourceFiles\EnterPoint">
      <UniqueIdentifier>{f4480692-8837-4467-bef3-229c9b7c60a6}</UniqueIdentifier>
    </Filter>
    <Filter Include="HeadFiles\Component">
      <UniqueIdentifier>{1ff57407-bcd7-4991-8f76-d0df3ea88c0d}</UniqueIdentifier>
    </Filter>
    <Filter Include="SourceFiles\Other">
      <UniqueIdentifier>{38d5d812-7578-40c1-9708-15b8d2882259}</UniqueIdentifier>
    </Filter>
    <Filter Include="HeadFiles\Miscellaneous">
      <UniqueIdentifier>{e588a6e5-ba90-4f36-bca6-2c4afabfd23a}</UniqueIdentifier>
    </Filter>
    <Filter Include="HeadFiles\Object">
      <UniqueIdentifier>{e7f90c53-55a1-4674-ab8d-58fd1a841534}</UniqueIdentifier>
    </Filter>
    <Filter Include="SourceFiles\Math">
      <UniqueIdentifier>{67be73da-bc16-4582-a724-69aa15813a01}</UniqueIdentifier>
    </Filter>
    <Filter Include="SourceFiles\Component">
      <UniqueIdentifier>{c906942f-f04a-4bfb-ad8f-d47c5bb954ce}</UniqueIdentifier>
    </Filter>
    <Filter Include="HeadFiles\MOONNN">
      <UniqueIdentifier>{7f61a3c1-ee5d-4b1a-b065-3c27de453fc1}</UniqueIdentifier>
    </Filter>
    <Filter Include="HeadFiles\MOONCAKE">
      <UniqueIdentifier>{29f1cb1a-1767-4ad9-8605-a3b16942c639}</UniqueIdentifier>
    </Filter>
    <Filter Include="HeadFiles\RABBIT">
      <UniqueIdentifier>{aa432a36-0228-45d2-adfb-b30feda1dc1d}</UniqueIdentifier>
    </Filter>
    <Filter Include="SourceFiles\MOONNN">
      <UniqueIdentifier>{e385724b-57cc-4fdf-9052-94ed5b21b211}</UniqueIdentifier>
    </Filter>
    <Filter Include="SourceFiles\RABBIT">
      <UniqueIdentifier>{9506ac61-b38c-4adb-aea6-d109e33f6c2d}</UniqueIdentifier>
    </Filter>
    <Filter Include="HeadFiles\UIEnhancement">
      <UniqueIdentifier>{561127af-05c9-42fd-abc5-804c72219f41}</UniqueIdentifier>
    </Filter>
    <Filter Include="HeadFiles\UIEnhancement\Icon">
      <UniqueIdentifier>{6027bfa1-5b89-4551-829e-1b3d797556bc}</UniqueIdentifier>
    </Filter>
    <Filter Include="SourceFiles\SmartMesh">
      <UniqueIdentifier>{9a86c03b-148c-4190-83cd-b57b3807c121}</UniqueIdentifier>
    </Filter>
    <Filter Include="HeadFiles\Object\SmartMesh">
      <UniqueIdentifier>{b8eaf32a-391b-4923-a1e1-6c807d7fa280}</UniqueIdentifier>
    </Filter>
    <Filter Include="HeadFiles\MOONCAKE\ExternalOps">
      <UniqueIdentifier>{8cf4dd95-6433-448e-a813-077b9cada2e4}</UniqueIdentifier>
    </Filter>
    <Filter Include="SourceFiles\MOONCAKE">
      <UniqueIdentifier>{df5bf4d7-1ebc-414a-aa7a-e16cef463348}</UniqueIdentifier>
    </Filter>
  </ItemGroup>
  <ItemGroup>
    <ClCompile Include="main.cpp">
      <Filter>SourceFiles\EnterPoint</Filter>
    </ClCompile>
    <ClCompile Include="Quaternion.cpp">
      <Filter>SourceFiles\Component</Filter>
    </ClCompile>
    <ClCompile Include="ObjectBase.cpp">
      <Filter>SourceFiles\Component</Filter>
    </ClCompile>
    <ClCompile Include="OBJLoader.cpp">
      <Filter>SourceFiles\Component</Filter>
    </ClCompile>
    <ClCompile Include="Camera.cpp">
      <Filter>SourceFiles\Component</Filter>
    </ClCompile>
    <ClCompile Include="Mesh.cpp">
      <Filter>SourceFiles\Component</Filter>
    </ClCompile>
    <ClCompile Include="OBJExporter.cpp">
      <Filter>SourceFiles\Component</Filter>
    </ClCompile>
    <ClCompile Include="imgui\ImNodesEz.cpp">
      <Filter>SourceFiles\Other</Filter>
    </ClCompile>
    <ClCompile Include="imgui\ImNodes.cpp">
      <Filter>SourceFiles\Other</Filter>
    </ClCompile>
    <ClCompile Include="MShader.cpp">
      <Filter>SourceFiles\Component</Filter>
    </ClCompile>
    <ClCompile Include="Utility.cpp">
      <Filter>SourceFiles\Component</Filter>
    </ClCompile>
    <ClCompile Include="Gizmo.cpp">
      <Filter>SourceFiles\Component</Filter>
    </ClCompile>
    <ClCompile Include="Debugger.cpp">
      <Filter>SourceFiles\Component</Filter>
    </ClCompile>
    <ClCompile Include="Model.cpp">
      <Filter>SourceFiles\Component</Filter>
    </ClCompile>
    <ClCompile Include="Neuron.cpp">
      <Filter>SourceFiles\MOONNN</Filter>
    </ClCompile>
    <ClCompile Include="Vector4.cpp">
      <Filter>SourceFiles\Math</Filter>
    </ClCompile>
    <ClCompile Include="Vector2.cpp">
      <Filter>SourceFiles\Math</Filter>
    </ClCompile>
    <ClCompile Include="Vector3.cpp">
      <Filter>SourceFiles\Math</Filter>
    </ClCompile>
    <ClCompile Include="MathUtils.cpp">
      <Filter>SourceFiles\Math</Filter>
    </ClCompile>
    <ClCompile Include="NGraph.cpp">
      <Filter>SourceFiles\MOONNN</Filter>
    </ClCompile>
    <ClCompile Include="imgui\ImPlot.cpp">
      <Filter>SourceFiles\Other</Filter>
    </ClCompile>
    <ClCompile Include="NNManager.cpp">
      <Filter>SourceFiles\MOONNN</Filter>
    </ClCompile>
    <ClCompile Include="MaterialEditor.cpp">
      <Filter>SourceFiles\Component</Filter>
    </ClCompile>
    <ClCompile Include="ImPie.cpp">
      <Filter>SourceFiles\Other</Filter>
    </ClCompile>
    <ClCompile Include="Optimizer.cpp">
      <Filter>SourceFiles\MOONNN</Filter>
    </ClCompile>
    <ClCompile Include="NFunction.cpp">
      <Filter>SourceFiles\MOONNN</Filter>
    </ClCompile>
    <ClCompile Include="NodeEditorBase.cpp">
      <Filter>SourceFiles\Component</Filter>
    </ClCompile>
    <ClCompile Include="Graphics.cpp">
      <Filter>SourceFiles\Component</Filter>
    </ClCompile>
    <ClCompile Include="Renderer.cpp">
      <Filter>SourceFiles\RABBIT</Filter>
    </ClCompile>
    <ClCompile Include="Material.cpp">
      <Filter>SourceFiles\RABBIT</Filter>
    </ClCompile>
    <ClCompile Include="FlowMenu.cpp">
      <Filter>SourceFiles\Other</Filter>
    </ClCompile>
    <ClCompile Include="HotkeyMgr.cpp">
      <Filter>SourceFiles\Component</Filter>
    </ClCompile>
    <ClCompile Include="ImTimeline.cpp">
      <Filter>SourceFiles\Other</Filter>
    </ClCompile>
    <ClCompile Include="Sphere.cpp">
      <Filter>SourceFiles\SmartMesh</Filter>
    </ClCompile>
    <ClCompile Include="Coroutine.cpp">
      <Filter>SourceFiles\Other</Filter>
    </ClCompile>
    <ClCompile Include="Plane.cpp">
      <Filter>SourceFiles\SmartMesh</Filter>
    </ClCompile>
    <ClCompile Include="Box.cpp">
      <Filter>SourceFiles\SmartMesh</Filter>
    </ClCompile>
    <ClCompile Include="Capsule.cpp">
      <Filter>SourceFiles\SmartMesh</Filter>
    </ClCompile>
    <ClCompile Include="Cylinder.cpp">
      <Filter>SourceFiles\SmartMesh</Filter>
    </ClCompile>
    <ClCompile Include="Ring.cpp">
      <Filter>SourceFiles\SmartMesh</Filter>
    </ClCompile>
    <ClCompile Include="HalfMesh.cpp">
      <Filter>SourceFiles\Component</Filter>
    </ClCompile>
    <ClCompile Include="opengl\src\glad.c">
      <Filter>ThirdParty</Filter>
    </ClCompile>
    <ClCompile Include="imgui\imgui.cpp">
      <Filter>ThirdParty</Filter>
    </ClCompile>
    <ClCompile Include="imgui\imgui_demo.cpp">
      <Filter>ThirdParty</Filter>
    </ClCompile>
    <ClCompile Include="imgui\imgui_draw.cpp">
      <Filter>ThirdParty</Filter>
    </ClCompile>
    <ClCompile Include="imgui\imgui_impl_glfw.cpp">
      <Filter>ThirdParty</Filter>
    </ClCompile>
    <ClCompile Include="imgui\imgui_impl_opengl3.cpp">
      <Filter>ThirdParty</Filter>
    </ClCompile>
    <ClCompile Include="imgui\imgui_widgets.cpp">
      <Filter>ThirdParty</Filter>
    </ClCompile>
    <ClCompile Include="OperatorMgr.cpp">
      <Filter>SourceFiles\MOONCAKE</Filter>
    </ClCompile>
    <ClCompile Include="NativeOperators.cpp">
      <Filter>SourceFiles\MOONCAKE</Filter>
    </ClCompile>
  </ItemGroup>
  <ItemGroup>
    <ClInclude Include="Vector3.h">
      <Filter>HeadFiles\Math</Filter>
    </ClInclude>
    <ClInclude Include="Vector2.h">
      <Filter>HeadFiles\Math</Filter>
    </ClInclude>
    <ClInclude Include="MathUtils.h">
      <Filter>HeadFiles\Math</Filter>
    </ClInclude>
    <ClInclude Include="UIController.h">
      <Filter>HeadFiles\Component</Filter>
    </ClInclude>
    <ClInclude Include="PreInclude.h">
      <Filter>HeadFiles\Miscellaneous</Filter>
    </ClInclude>
    <ClInclude Include="SceneMgr.h">
      <Filter>HeadFiles\Component</Filter>
    </ClInclude>
    <ClInclude Include="Camera.h">
      <Filter>HeadFiles\Object</Filter>
    </ClInclude>
    <ClInclude Include="Mesh.h">
      <Filter>HeadFiles\Object</Filter>
    </ClInclude>
    <ClInclude Include="MShader.h">
      <Filter>HeadFiles\Object</Filter>
    </ClInclude>
    <ClInclude Include="Quaternion.h">
      <Filter>HeadFiles\Math</Filter>
    </ClInclude>
    <ClInclude Include="Matrix4x4.h">
      <Filter>HeadFiles\Math</Filter>
    </ClInclude>
    <ClInclude Include="Transform.h">
      <Filter>HeadFiles\Object</Filter>
    </ClInclude>
    <ClInclude Include="Light.h">
      <Filter>HeadFiles\Object</Filter>
    </ClInclude>
    <ClInclude Include="Texture.h">
      <Filter>HeadFiles\Object</Filter>
    </ClInclude>
    <ClInclude Include="Hitable.h">
      <Filter>HeadFiles\Object</Filter>
    </ClInclude>
    <ClInclude Include="Ray.h">
      <Filter>HeadFiles\Math</Filter>
    </ClInclude>
    <ClInclude Include="ObjectBase.h">
      <Filter>HeadFiles\Object</Filter>
    </ClInclude>
    <ClInclude Include="Model.h">
      <Filter>HeadFiles\Object</Filter>
    </ClInclude>
    <ClInclude Include="Utility.h">
      <Filter>HeadFiles\Miscellaneous</Filter>
    </ClInclude>
    <ClInclude Include="Color.h">
      <Filter>HeadFiles\Math</Filter>
    </ClInclude>
    <ClInclude Include="Vector4.h">
      <Filter>HeadFiles\Math</Filter>
    </ClInclude>
    <ClInclude Include="FuzzyMatch.h">
      <Filter>HeadFiles\Miscellaneous</Filter>
    </ClInclude>
    <ClInclude Include="BoundingBox.h">
      <Filter>HeadFiles\Object</Filter>
    </ClInclude>
    <ClInclude Include="Helper.h">
      <Filter>HeadFiles\Object</Filter>
    </ClInclude>
    <ClInclude Include="OBJMgr.h">
      <Filter>HeadFiles\Component</Filter>
    </ClInclude>
    <ClInclude Include="AssetLoader.h">
      <Filter>HeadFiles\Component</Filter>
    </ClInclude>
    <ClInclude Include="CodeEditor.h">
      <Filter>HeadFiles\Component</Filter>
    </ClInclude>
    <ClInclude Include="Gizmo.h">
      <Filter>HeadFiles\Component</Filter>
    </ClInclude>
    <ClInclude Include="MoonEnums.h">
      <Filter>HeadFiles\Miscellaneous</Filter>
    </ClInclude>
    <ClInclude Include="Debugger.h">
      <Filter>HeadFiles\Component</Filter>
    </ClInclude>
    <ClInclude Include="HotkeyMgr.h">
      <Filter>HeadFiles\Component</Filter>
    </ClInclude>
    <ClInclude Include="ThreadPool.h">
      <Filter>HeadFiles\Component</Filter>
    </ClInclude>
    <ClInclude Include="Matrix3x3.h">
      <Filter>HeadFiles\Math</Filter>
    </ClInclude>
    <ClInclude Include="Neuron.h">
      <Filter>HeadFiles\MOONNN</Filter>
    </ClInclude>
    <ClInclude Include="Matrix.h">
      <Filter>HeadFiles\Math</Filter>
    </ClInclude>
    <ClInclude Include="NGraph.h">
      <Filter>HeadFiles\MOONNN</Filter>
    </ClInclude>
    <ClInclude Include="NFunction.h">
      <Filter>HeadFiles\MOONNN</Filter>
    </ClInclude>
    <ClInclude Include="NVariable.h">
      <Filter>HeadFiles\MOONNN</Filter>
    </ClInclude>
    <ClInclude Include="Optimizer.h">
      <Filter>HeadFiles\MOONNN</Filter>
    </ClInclude>
    <ClInclude Include="NNManager.h">
      <Filter>HeadFiles\MOONNN</Filter>
    </ClInclude>
    <ClInclude Include="FNN.h">
      <Filter>HeadFiles\MOONNN</Filter>
    </ClInclude>
    <ClInclude Include="NNBase.h">
      <Filter>HeadFiles\MOONNN</Filter>
    </ClInclude>
    <ClInclude Include="ButtonEx.h">
      <Filter>HeadFiles\UIEnhancement</Filter>
    </ClInclude>
    <ClInclude Include="imgui\ImNodes.h">
      <Filter>HeadFiles\UIEnhancement</Filter>
    </ClInclude>
    <ClInclude Include="imgui\ImNodesEz.h">
      <Filter>HeadFiles\UIEnhancement</Filter>
    </ClInclude>
    <ClInclude Include="imgui\ImPlot.h">
      <Filter>HeadFiles\UIEnhancement</Filter>
    </ClInclude>
    <ClInclude Include="StackWindow.h">
      <Filter>HeadFiles\UIEnhancement</Filter>
    </ClInclude>
    <ClInclude Include="ImPie.h">
      <Filter>HeadFiles\UIEnhancement</Filter>
    </ClInclude>
    <ClInclude Include="Plotter.h">
      <Filter>HeadFiles\UIEnhancement</Filter>
    </ClInclude>
    <ClInclude Include="CNN.h">
      <Filter>HeadFiles\MOONNN</Filter>
    </ClInclude>
    <ClInclude Include="RNN.h">
      <Filter>HeadFiles\MOONNN</Filter>
    </ClInclude>
    <ClInclude Include="GNN.h">
      <Filter>HeadFiles\MOONNN</Filter>
    </ClInclude>
    <ClInclude Include="NodeEditorBase.h">
      <Filter>HeadFiles\UIEnhancement</Filter>
    </ClInclude>
    <ClInclude Include="LR.h">
      <Filter>HeadFiles\MOONNN</Filter>
    </ClInclude>
    <ClInclude Include="WideNDeep.h">
      <Filter>HeadFiles\MOONNN</Filter>
    </ClInclude>
    <ClInclude Include="Graphics.h">
      <Filter>HeadFiles\Component</Filter>
    </ClInclude>
    <ClInclude Include="Spline.h">
      <Filter>HeadFiles\Object</Filter>
    </ClInclude>
    <ClInclude Include="Shapes.h">
      <Filter>HeadFiles\Object</Filter>
    </ClInclude>
    <ClInclude Include="Curves.h">
      <Filter>HeadFiles\Math</Filter>
    </ClInclude>
    <ClInclude Include="Renderer.h">
      <Filter>HeadFiles\RABBIT</Filter>
    </ClInclude>
    <ClInclude Include="Material.h">
      <Filter>HeadFiles\RABBIT</Filter>
    </ClInclude>
    <ClInclude Include="MaterialEditor.h">
      <Filter>HeadFiles\Component</Filter>
    </ClInclude>
    <ClInclude Include="OperatorBase.h">
      <Filter>HeadFiles\MOONCAKE</Filter>
    </ClInclude>
    <ClInclude Include="OperatorMgr.h">
      <Filter>HeadFiles\MOONCAKE</Filter>
    </ClInclude>
    <ClInclude Include="MatSphere.h">
      <Filter>HeadFiles\RABBIT</Filter>
    </ClInclude>
    <ClInclude Include="PMapGen.h">
      <Filter>HeadFiles\RABBIT</Filter>
    </ClInclude>
    <ClInclude Include="ImTimeline.h">
      <Filter>HeadFiles\UIEnhancement</Filter>
    </ClInclude>
    <ClInclude Include="properties.h">
      <Filter>HeadFiles\Miscellaneous</Filter>
    </ClInclude>
    <ClInclude Include="FlowMenu.h">
      <Filter>HeadFiles\UIEnhancement</Filter>
    </ClInclude>
    <ClInclude Include="fontHeaders\IconsMaterialDesign.h">
      <Filter>HeadFiles\UIEnhancement\Icon</Filter>
    </ClInclude>
    <ClInclude Include="fontHeaders\IconsKenney.h">
      <Filter>HeadFiles\UIEnhancement\Icon</Filter>
    </ClInclude>
    <ClInclude Include="fontHeaders\IconsFontAwesome4.h">
      <Filter>HeadFiles\UIEnhancement\Icon</Filter>
    </ClInclude>
    <ClInclude Include="Icons.h">
      <Filter>HeadFiles\UIEnhancement\Icon</Filter>
    </ClInclude>
    <ClInclude Include="HalfMesh.h">
      <Filter>HeadFiles\Object</Filter>
    </ClInclude>
    <ClInclude Include="Sphere.h">
      <Filter>HeadFiles\Object\SmartMesh</Filter>
    </ClInclude>
    <ClInclude Include="Coroutine.h">
      <Filter>HeadFiles\Miscellaneous</Filter>
    </ClInclude>
    <ClInclude Include="Plane.h">
      <Filter>HeadFiles\Object\SmartMesh</Filter>
    </ClInclude>
    <ClInclude Include="Box.h">
      <Filter>HeadFiles\Object\SmartMesh</Filter>
    </ClInclude>
    <ClInclude Include="Capsule.h">
      <Filter>HeadFiles\Object\SmartMesh</Filter>
    </ClInclude>
    <ClInclude Include="Cylinder.h">
      <Filter>HeadFiles\Object\SmartMesh</Filter>
    </ClInclude>
    <ClInclude Include="SmartMeshes.h">
      <Filter>HeadFiles\Object\SmartMesh</Filter>
    </ClInclude>
    <ClInclude Include="Ring.h">
      <Filter>HeadFiles\Object\SmartMesh</Filter>
    </ClInclude>
    <ClInclude Include="FileManager.h">
      <Filter>HeadFiles\Component</Filter>
    </ClInclude>
    <ClInclude Include="CakeParser.h">
      <Filter>HeadFiles\MOONCAKE\ExternalOps</Filter>
    </ClInclude>
    <ClInclude Include="PluginManager.h">
      <Filter>HeadFiles\MOONCAKE\ExternalOps</Filter>
    </ClInclude>
    <ClInclude Include="Strutil.h">
      <Filter>HeadFiles\Miscellaneous</Filter>
    </ClInclude>
  </ItemGroup>
  <ItemGroup>
    <None Include="packages.config" />
    <None Include="Resources\msyh.ttc">
      <Filter>Resources\Fonts</Filter>
    </None>
    <None Include="ConstColor.vs">
      <Filter>Shaders\VS</Filter>
    </None>
    <None Include="SimplePhong.vs">
      <Filter>Shaders\VS</Filter>
    </None>
    <None Include="ConstColor.fs">
      <Filter>Shaders\FS</Filter>
    </None>
    <None Include="SimplePhong.fs">
      <Filter>Shaders\FS</Filter>
    </None>
    <None Include="Outline.fs">
      <Filter>Shaders\FS</Filter>
    </None>
    <None Include="Outline.vs">
      <Filter>Shaders\VS</Filter>
    </None>
    <None Include="ScreenBuffer.fs">
      <Filter>Shaders\FS</Filter>
    </None>
    <None Include="ScreenBuffer.vs">
      <Filter>Shaders\VS</Filter>
    </None>
    <None Include="BlinnPhong.fs">
      <Filter>Shaders\FS</Filter>
    </None>
    <None Include="Flat.fs">
      <Filter>Shaders\FS</Filter>
    </None>
    <None Include="Flat.vs">
      <Filter>Shaders\VS</Filter>
    </None>
  </ItemGroup>
  <ItemGroup>
    <Image Include="Resources\Icon.jpg">
      <Filter>Resources\Images</Filter>
    </Image>
    <Image Include="Resources\logo.png">
      <Filter>Resources\Images</Filter>
    </Image>
    <Image Include="Resources\Icon_fullSize.png">
      <Filter>Resources\Images</Filter>
    </Image>
  </ItemGroup>
  <ItemGroup>
    <Font Include="Resources\fontawesome-webfont.ttf">
      <Filter>Resources\Fonts</Filter>
    </Font>
  </ItemGroup>
</Project>